
Microsoft Visual Studio Solution File, Format Version 12.00
# Visual Studio Version 16
VisualStudioVersion = 16.0.32802.440
MinimumVisualStudioVersion = 10.0.40219.1
Project("{FAE04EC0-301F-11D3-BF4B-00C04F79EFBC}") = "PSTest1", "PSTest1\PSTest1.csproj", "{04AD87B5-32DA-4528-8CB7-964CFF1C3CB5}"
EndProject
Global
	GlobalSection(SolutionConfigurationPlatforms) = preSolution
		Debug|Any CPU = Debug|Any CPU
		Release|Any CPU = Release|Any CPU
	EndGlobalSection
	GlobalSection(ProjectConfigurationPlatforms) = postSolution
		{04AD87B5-32DA-4528-8CB7-964CFF1C3CB5}.Debug|Any CPU.ActiveCfg = Debug|Any CPU
		{04AD87B5-32DA-4528-8CB7-964CFF1C3CB5}.Debug|Any CPU.Build.0 = Debug|Any CPU
		{04AD87B5-32DA-4528-8CB7-964CFF1C3CB5}.Release|Any CPU.ActiveCfg = Release|Any CPU
		{04AD87B5-32DA-4528-8CB7-964CFF1C3CB5}.Release|Any CPU.Build.0 = Release|Any CPU
	EndGlobalSection
	GlobalSection(SolutionProperties) = preSolution
		HideSolutionNode = FALSE
	EndGlobalSection
	GlobalSection(ExtensibilityGlobals) = postSolution
		SolutionGuid = {1DB5A5DF-6FEC-4949-BA99-A649C7BB5627}
	EndGlobalSection
EndGlobal
